# THIS IS AN AUTOGENERATED FILE. DO NOT EDIT THIS FILE DIRECTLY.
# yarn lockfile v1


file-or-stdin:
  version "1.0.0"
  resolved "https://registry.yarnpkg.com/file-or-stdin/-/file-or-stdin-1.0.0.tgz#a52c60feba6aef20a7d0a0626a764d4ee6f24ff1"
  dependencies:
    get-stdin "^5.0.1"
    graceful-fs "^4.1.5"

get-stdin@^5.0.1:
  version "5.0.1"
  resolved "https://registry.yarnpkg.com/get-stdin/-/get-stdin-5.0.1.tgz#122e161591e21ff4c52530305693f20e6393a398"

graceful-fs@^4.1.5:
  version "4.1.11"
  resolved "https://registry.yarnpkg.com/graceful-fs/-/graceful-fs-4.1.11.tgz#0e8bdfe4d1ddb8854d64e04ea7c00e2a026e5658"

lodash@^4.17.19:
  version "4.17.19"
  resolved "https://registry.yarnpkg.com/lodash/-/lodash-4.17.19.tgz#e48ddedbe30b3321783c5b4301fbd353bc1e4a4b"
