# THIS IS AN AUTOGENERATED FILE. DO NOT EDIT THIS FILE DIRECTLY.
# yarn lockfile v1
fileinput:
  version "0.2.0"
  resolved "https://registry.yarnpkg.com/fileinput/-/fileinput-0.2.0.tgz#03cc215626238e95e1e86890e24a57db400a4e16"

lodash:
  version "4.17.2"
  resolved "https://registry.yarnpkg.com/lodash/-/lodash-4.17.2.tgz#34a3055babe04ce42467b607d700072c7ff6bf42"

